{
  "requires": true,
  "lockfileVersion": 1,
  "dependencies": {
    "react-image-gallery": {
      "version": "1.2.5",
      "resolved": "https://registry.npmjs.org/react-image-gallery/-/react-image-gallery-1.2.5.tgz",
      "integrity": "sha512-jAjCpgRnK3rCIj5dBK79duIDKkWNVeh222vAzWntG8TAMy0ZYGR0TM/jOXrshwpDJkqVv4TuYShHwPY4O4kOpQ=="
    }
  }
}
